// !$*UTF8*$!
{
	archiveVersion = 1;
	classes = {
	};
	objectVersion = 56;
	objects = {

/* Begin PBXBuildFile section */
		F426C8D42B07A543001476F9 /* LikeEvent.swift in Sources */ = {isa = PBXBuildFile; fileRef = F426C8D32B07A543001476F9 /* LikeEvent.swift */; };
		F426C8D72B07A56B001476F9 /* APIService.swift in Sources */ = {isa = PBXBuildFile; fileRef = F426C8D62B07A56B001476F9 /* APIService.swift */; };
		F426C8D92B07A575001476F9 /* Endpoints.swift in Sources */ = {isa = PBXBuildFile; fileRef = F426C8D82B07A575001476F9 /* Endpoints.swift */; };
		F426C8DD2B07AB5F001476F9 /* MealOverviewView.swift in Sources */ = {isa = PBXBuildFile; fileRef = F426C8DC2B07AB5F001476F9 /* MealOverviewView.swift */; };
		F426C8DF2B07AB66001476F9 /* MealInstructionsView.swift in Sources */ = {isa = PBXBuildFile; fileRef = F426C8DE2B07AB66001476F9 /* MealInstructionsView.swift */; };
		F426C8E22B07AB71001476F9 /* MealIngredientsView.swift in Sources */ = {isa = PBXBuildFile; fileRef = F426C8E12B07AB71001476F9 /* MealIngredientsView.swift */; };
		F426C8E72B07AC69001476F9 /* SearchBar.swift in Sources */ = {isa = PBXBuildFile; fileRef = F426C8E62B07AC69001476F9 /* SearchBar.swift */; };
		F426C8EF2B07BEC5001476F9 /* FoodRecipesTests.swift in Sources */ = {isa = PBXBuildFile; fileRef = F426C8EE2B07BEC5001476F9 /* FoodRecipesTests.swift */; };
		F4E5CC332B04092D008305B6 /* FoodRecipesApp.swift in Sources */ = {isa = PBXBuildFile; fileRef = F4E5CC322B04092D008305B6 /* FoodRecipesApp.swift */; };
		F4E5CC3A2B04092F008305B6 /* Preview Assets.xcassets in Resources */ = {isa = PBXBuildFile; fileRef = F4E5CC392B04092F008305B6 /* Preview Assets.xcassets */; };
		F4E5CC452B040A7B008305B6 /* FoodTabView.swift in Sources */ = {isa = PBXBuildFile; fileRef = F4E5CC442B040A7B008305B6 /* FoodTabView.swift */; };
		F4E5CC902B040D43008305B6 /* Meal.swift in Sources */ = {isa = PBXBuildFile; fileRef = F4E5CC8F2B040D43008305B6 /* Meal.swift */; };
		F4E5CC922B040D4D008305B6 /* MealsResponse.swift in Sources */ = {isa = PBXBuildFile; fileRef = F4E5CC912B040D4D008305B6 /* MealsResponse.swift */; };
		F4E5CC942B040D58008305B6 /* MealsViewModel.swift in Sources */ = {isa = PBXBuildFile; fileRef = F4E5CC932B040D58008305B6 /* MealsViewModel.swift */; };
		F4E5CC962B040D60008305B6 /* MealsListView.swift in Sources */ = {isa = PBXBuildFile; fileRef = F4E5CC952B040D60008305B6 /* MealsListView.swift */; };
		F4E5CC982B040D6A008305B6 /* MealDetailView.swift in Sources */ = {isa = PBXBuildFile; fileRef = F4E5CC972B040D6A008305B6 /* MealDetailView.swift */; };
		F4E5CC9A2B041F80008305B6 /* MealCellView.swift in Sources */ = {isa = PBXBuildFile; fileRef = F4E5CC992B041F80008305B6 /* MealCellView.swift */; };
		F4E5CCA02B04FE59008305B6 /* LikeHistoryView.swift in Sources */ = {isa = PBXBuildFile; fileRef = F4E5CC9F2B04FE59008305B6 /* LikeHistoryView.swift */; };
		F4E5CCA22B04FE76008305B6 /* HistoryViewModel.swift in Sources */ = {isa = PBXBuildFile; fileRef = F4E5CCA12B04FE76008305B6 /* HistoryViewModel.swift */; };
		F4E5CCA42B050D13008305B6 /* SettingsViewModel.swift in Sources */ = {isa = PBXBuildFile; fileRef = F4E5CCA32B050D13008305B6 /* SettingsViewModel.swift */; };
		F4E5CCA62B050D2D008305B6 /* SettingsView.swift in Sources */ = {isa = PBXBuildFile; fileRef = F4E5CCA52B050D2D008305B6 /* SettingsView.swift */; };
		F4E5CCA82B051412008305B6 /* FavoritesViewModel.swift in Sources */ = {isa = PBXBuildFile; fileRef = F4E5CCA72B051412008305B6 /* FavoritesViewModel.swift */; };
		F4E5CCB62B051A09008305B6 /* Assets.xcassets in Resources */ = {isa = PBXBuildFile; fileRef = F4E5CCB52B051A09008305B6 /* Assets.xcassets */; };
/* End PBXBuildFile section */

/* Begin PBXContainerItemProxy section */
		F426C8F02B07BEC5001476F9 /* PBXContainerItemProxy */ = {
			isa = PBXContainerItemProxy;
			containerPortal = F4E5CC272B04092D008305B6 /* Project object */;
			proxyType = 1;
			remoteGlobalIDString = F4E5CC2E2B04092D008305B6;
			remoteInfo = FoodRecipes;
		};
/* End PBXContainerItemProxy section */

/* Begin PBXFileReference section */
		F426C8D32B07A543001476F9 /* LikeEvent.swift */ = {isa = PBXFileReference; lastKnownFileType = sourcecode.swift; path = LikeEvent.swift; sourceTree = "<group>"; };
		F426C8D62B07A56B001476F9 /* APIService.swift */ = {isa = PBXFileReference; lastKnownFileType = sourcecode.swift; path = APIService.swift; sourceTree = "<group>"; };
		F426C8D82B07A575001476F9 /* Endpoints.swift */ = {isa = PBXFileReference; lastKnownFileType = sourcecode.swift; path = Endpoints.swift; sourceTree = "<group>"; };
		F426C8DC2B07AB5F001476F9 /* MealOverviewView.swift */ = {isa = PBXFileReference; lastKnownFileType = sourcecode.swift; path = MealOverviewView.swift; sourceTree = "<group>"; };
		F426C8DE2B07AB66001476F9 /* MealInstructionsView.swift */ = {isa = PBXFileReference; lastKnownFileType = sourcecode.swift; path = MealInstructionsView.swift; sourceTree = "<group>"; };
		F426C8E12B07AB71001476F9 /* MealIngredientsView.swift */ = {isa = PBXFileReference; lastKnownFileType = sourcecode.swift; path = MealIngredientsView.swift; sourceTree = "<group>"; };
		F426C8E62B07AC69001476F9 /* SearchBar.swift */ = {isa = PBXFileReference; lastKnownFileType = sourcecode.swift; path = SearchBar.swift; sourceTree = "<group>"; };
		F426C8EC2B07BEC5001476F9 /* FoodRecipesTests.xctest */ = {isa = PBXFileReference; explicitFileType = wrapper.cfbundle; includeInIndex = 0; path = FoodRecipesTests.xctest; sourceTree = BUILT_PRODUCTS_DIR; };
		F426C8EE2B07BEC5001476F9 /* FoodRecipesTests.swift */ = {isa = PBXFileReference; lastKnownFileType = sourcecode.swift; path = FoodRecipesTests.swift; sourceTree = "<group>"; };
		F4E5CC2F2B04092D008305B6 /* FoodRecipes.app */ = {isa = PBXFileReference; explicitFileType = wrapper.application; includeInIndex = 0; path = FoodRecipes.app; sourceTree = BUILT_PRODUCTS_DIR; };
		F4E5CC322B04092D008305B6 /* FoodRecipesApp.swift */ = {isa = PBXFileReference; lastKnownFileType = sourcecode.swift; path = FoodRecipesApp.swift; sourceTree = "<group>"; };
		F4E5CC392B04092F008305B6 /* Preview Assets.xcassets */ = {isa = PBXFileReference; lastKnownFileType = folder.assetcatalog; path = "Preview Assets.xcassets"; sourceTree = "<group>"; };
		F4E5CC442B040A7B008305B6 /* FoodTabView.swift */ = {isa = PBXFileReference; lastKnownFileType = sourcecode.swift; path = FoodTabView.swift; sourceTree = "<group>"; };
		F4E5CC8F2B040D43008305B6 /* Meal.swift */ = {isa = PBXFileReference; lastKnownFileType = sourcecode.swift; path = Meal.swift; sourceTree = "<group>"; };
		F4E5CC912B040D4D008305B6 /* MealsResponse.swift */ = {isa = PBXFileReference; lastKnownFileType = sourcecode.swift; path = MealsResponse.swift; sourceTree = "<group>"; };
		F4E5CC932B040D58008305B6 /* MealsViewModel.swift */ = {isa = PBXFileReference; lastKnownFileType = sourcecode.swift; path = MealsViewModel.swift; sourceTree = "<group>"; };
		F4E5CC952B040D60008305B6 /* MealsListView.swift */ = {isa = PBXFileReference; lastKnownFileType = sourcecode.swift; path = MealsListView.swift; sourceTree = "<group>"; };
		F4E5CC972B040D6A008305B6 /* MealDetailView.swift */ = {isa = PBXFileReference; lastKnownFileType = sourcecode.swift; path = MealDetailView.swift; sourceTree = "<group>"; };
		F4E5CC992B041F80008305B6 /* MealCellView.swift */ = {isa = PBXFileReference; lastKnownFileType = sourcecode.swift; path = MealCellView.swift; sourceTree = "<group>"; };
		F4E5CC9F2B04FE59008305B6 /* LikeHistoryView.swift */ = {isa = PBXFileReference; lastKnownFileType = sourcecode.swift; path = LikeHistoryView.swift; sourceTree = "<group>"; };
		F4E5CCA12B04FE76008305B6 /* HistoryViewModel.swift */ = {isa = PBXFileReference; lastKnownFileType = sourcecode.swift; path = HistoryViewModel.swift; sourceTree = "<group>"; };
		F4E5CCA32B050D13008305B6 /* SettingsViewModel.swift */ = {isa = PBXFileReference; lastKnownFileType = sourcecode.swift; path = SettingsViewModel.swift; sourceTree = "<group>"; };
		F4E5CCA52B050D2D008305B6 /* SettingsView.swift */ = {isa = PBXFileReference; lastKnownFileType = sourcecode.swift; path = SettingsView.swift; sourceTree = "<group>"; };
		F4E5CCA72B051412008305B6 /* FavoritesViewModel.swift */ = {isa = PBXFileReference; fileEncoding = 4; lastKnownFileType = sourcecode.swift; path = FavoritesViewModel.swift; sourceTree = "<group>"; };
		F4E5CCB52B051A09008305B6 /* Assets.xcassets */ = {isa = PBXFileReference; lastKnownFileType = folder.assetcatalog; path = Assets.xcassets; sourceTree = "<group>"; };
/* End PBXFileReference section */

/* Begin PBXFrameworksBuildPhase section */
		F426C8E92B07BEC5001476F9 /* Frameworks */ = {
			isa = PBXFrameworksBuildPhase;
			buildActionMask = 2147483647;
			files = (
			);
			runOnlyForDeploymentPostprocessing = 0;
		};
		F4E5CC2C2B04092D008305B6 /* Frameworks */ = {
			isa = PBXFrameworksBuildPhase;
			buildActionMask = 2147483647;
			files = (
			);
			runOnlyForDeploymentPostprocessing = 0;
		};
/* End PBXFrameworksBuildPhase section */

/* Begin PBXGroup section */
		F426C8D02B07A4BD001476F9 /* MealsList */ = {
			isa = PBXGroup;
			children = (
				F426C8DB2B07AB43001476F9 /* MealDetail */,
				F4E5CC952B040D60008305B6 /* MealsListView.swift */,
				F426C8E62B07AC69001476F9 /* SearchBar.swift */,
				F4E5CC912B040D4D008305B6 /* MealsResponse.swift */,
			);
			path = MealsList;
			sourceTree = "<group>";
		};
		F426C8D12B07A4FA001476F9 /* ViewModels */ = {
			isa = PBXGroup;
			children = (
				F4E5CC932B040D58008305B6 /* MealsViewModel.swift */,
				F4E5CCA72B051412008305B6 /* FavoritesViewModel.swift */,
				F4E5CCA32B050D13008305B6 /* SettingsViewModel.swift */,
				F4E5CCA12B04FE76008305B6 /* HistoryViewModel.swift */,
			);
			path = ViewModels;
			sourceTree = "<group>";
		};
		F426C8D22B07A508001476F9 /* Models */ = {
			isa = PBXGroup;
			children = (
				F4E5CC8F2B040D43008305B6 /* Meal.swift */,
				F426C8D32B07A543001476F9 /* LikeEvent.swift */,
			);
			path = Models;
			sourceTree = "<group>";
		};
		F426C8D52B07A553001476F9 /* Networking */ = {
			isa = PBXGroup;
			children = (
				F426C8D62B07A56B001476F9 /* APIService.swift */,
				F426C8D82B07A575001476F9 /* Endpoints.swift */,
			);
			path = Networking;
			sourceTree = "<group>";
		};
		F426C8DB2B07AB43001476F9 /* MealDetail */ = {
			isa = PBXGroup;
			children = (
				F4E5CC972B040D6A008305B6 /* MealDetailView.swift */,
				F426C8DE2B07AB66001476F9 /* MealInstructionsView.swift */,
				F426C8DC2B07AB5F001476F9 /* MealOverviewView.swift */,
				F426C8E12B07AB71001476F9 /* MealIngredientsView.swift */,
			);
			path = MealDetail;
			sourceTree = "<group>";
		};
		F426C8ED2B07BEC5001476F9 /* FoodRecipesTests */ = {
			isa = PBXGroup;
			children = (
				F426C8EE2B07BEC5001476F9 /* FoodRecipesTests.swift */,
			);
			path = FoodRecipesTests;
			sourceTree = "<group>";
		};
		F4E5CC262B04092D008305B6 = {
			isa = PBXGroup;
			children = (
				F4E5CC312B04092D008305B6 /* FoodRecipes */,
				F426C8ED2B07BEC5001476F9 /* FoodRecipesTests */,
				F4E5CC302B04092D008305B6 /* Products */,
			);
			sourceTree = "<group>";
		};
		F4E5CC302B04092D008305B6 /* Products */ = {
			isa = PBXGroup;
			children = (
				F4E5CC2F2B04092D008305B6 /* FoodRecipes.app */,
				F426C8EC2B07BEC5001476F9 /* FoodRecipesTests.xctest */,
			);
			name = Products;
			sourceTree = "<group>";
		};
		F4E5CC312B04092D008305B6 /* FoodRecipes */ = {
			isa = PBXGroup;
			children = (
				F426C8D52B07A553001476F9 /* Networking */,
				F426C8D22B07A508001476F9 /* Models */,
				F426C8D12B07A4FA001476F9 /* ViewModels */,
				F4E5CC432B040A1D008305B6 /* Views */,
				F4E5CC412B0409FF008305B6 /* Screens */,
				F4E5CC322B04092D008305B6 /* FoodRecipesApp.swift */,
				F4E5CCB52B051A09008305B6 /* Assets.xcassets */,
				F4E5CC382B04092F008305B6 /* Preview Content */,
			);
			path = FoodRecipes;
			sourceTree = "<group>";
		};
		F4E5CC382B04092F008305B6 /* Preview Content */ = {
			isa = PBXGroup;
			children = (
				F4E5CC392B04092F008305B6 /* Preview Assets.xcassets */,
			);
			path = "Preview Content";
			sourceTree = "<group>";
		};
		F4E5CC412B0409FF008305B6 /* Screens */ = {
			isa = PBXGroup;
			children = (
				F426C8D02B07A4BD001476F9 /* MealsList */,
				F4E5CC442B040A7B008305B6 /* FoodTabView.swift */,
			);
			path = Screens;
			sourceTree = "<group>";
		};
		F4E5CC432B040A1D008305B6 /* Views */ = {
			isa = PBXGroup;
			children = (
				F4E5CC9F2B04FE59008305B6 /* LikeHistoryView.swift */,
				F4E5CCA52B050D2D008305B6 /* SettingsView.swift */,
				F4E5CC992B041F80008305B6 /* MealCellView.swift */,
			);
			path = Views;
			sourceTree = "<group>";
		};
/* End PBXGroup section */

/* Begin PBXNativeTarget section */
		F426C8EB2B07BEC5001476F9 /* FoodRecipesTests */ = {
			isa = PBXNativeTarget;
			buildConfigurationList = F426C8F22B07BEC5001476F9 /* Build configuration list for PBXNativeTarget "FoodRecipesTests" */;
			buildPhases = (
				F426C8E82B07BEC5001476F9 /* Sources */,
				F426C8E92B07BEC5001476F9 /* Frameworks */,
				F426C8EA2B07BEC5001476F9 /* Resources */,
			);
			buildRules = (
			);
			dependencies = (
				F426C8F12B07BEC5001476F9 /* PBXTargetDependency */,
			);
			name = FoodRecipesTests;
			productName = FoodRecipesTests;
			productReference = F426C8EC2B07BEC5001476F9 /* FoodRecipesTests.xctest */;
			productType = "com.apple.product-type.bundle.unit-test";
		};
		F4E5CC2E2B04092D008305B6 /* FoodRecipes */ = {
			isa = PBXNativeTarget;
			buildConfigurationList = F4E5CC3D2B04092F008305B6 /* Build configuration list for PBXNativeTarget "FoodRecipes" */;
			buildPhases = (
				F4E5CC2B2B04092D008305B6 /* Sources */,
				F4E5CC2C2B04092D008305B6 /* Frameworks */,
				F4E5CC2D2B04092D008305B6 /* Resources */,
			);
			buildRules = (
			);
			dependencies = (
			);
			name = FoodRecipes;
			productName = FoodRecipes;
			productReference = F4E5CC2F2B04092D008305B6 /* FoodRecipes.app */;
			productType = "com.apple.product-type.application";
		};
/* End PBXNativeTarget section */

/* Begin PBXProject section */
		F4E5CC272B04092D008305B6 /* Project object */ = {
			isa = PBXProject;
			attributes = {
				BuildIndependentTargetsInParallel = 1;
				LastSwiftUpdateCheck = 1430;
				LastUpgradeCheck = 1430;
				TargetAttributes = {
					F426C8EB2B07BEC5001476F9 = {
						CreatedOnToolsVersion = 14.3.1;
						TestTargetID = F4E5CC2E2B04092D008305B6;
					};
					F4E5CC2E2B04092D008305B6 = {
						CreatedOnToolsVersion = 14.3.1;
					};
				};
			};
			buildConfigurationList = F4E5CC2A2B04092D008305B6 /* Build configuration list for PBXProject "FoodRecipes" */;
			compatibilityVersion = "Xcode 14.0";
			developmentRegion = en;
			hasScannedForEncodings = 0;
			knownRegions = (
				en,
				Base,
			);
			mainGroup = F4E5CC262B04092D008305B6;
			productRefGroup = F4E5CC302B04092D008305B6 /* Products */;
			projectDirPath = "";
			projectRoot = "";
			targets = (
				F4E5CC2E2B04092D008305B6 /* FoodRecipes */,
				F426C8EB2B07BEC5001476F9 /* FoodRecipesTests */,
			);
		};
/* End PBXProject section */

/* Begin PBXResourcesBuildPhase section */
		F426C8EA2B07BEC5001476F9 /* Resources */ = {
			isa = PBXResourcesBuildPhase;
			buildActionMask = 2147483647;
			files = (
			);
			runOnlyForDeploymentPostprocessing = 0;
		};
		F4E5CC2D2B04092D008305B6 /* Resources */ = {
			isa = PBXResourcesBuildPhase;
			buildActionMask = 2147483647;
			files = (
				F4E5CCB62B051A09008305B6 /* Assets.xcassets in Resources */,
				F4E5CC3A2B04092F008305B6 /* Preview Assets.xcassets in Resources */,
			);
			runOnlyForDeploymentPostprocessing = 0;
		};
/* End PBXResourcesBuildPhase section */

/* Begin PBXSourcesBuildPhase section */
		F426C8E82B07BEC5001476F9 /* Sources */ = {
			isa = PBXSourcesBuildPhase;
			buildActionMask = 2147483647;
			files = (
				F426C8EF2B07BEC5001476F9 /* FoodRecipesTests.swift in Sources */,
			);
			runOnlyForDeploymentPostprocessing = 0;
		};
		F4E5CC2B2B04092D008305B6 /* Sources */ = {
			isa = PBXSourcesBuildPhase;
			buildActionMask = 2147483647;
			files = (
				F426C8DD2B07AB5F001476F9 /* MealOverviewView.swift in Sources */,
				F4E5CC902B040D43008305B6 /* Meal.swift in Sources */,
				F426C8D72B07A56B001476F9 /* APIService.swift in Sources */,
				F4E5CC962B040D60008305B6 /* MealsListView.swift in Sources */,
				F4E5CC922B040D4D008305B6 /* MealsResponse.swift in Sources */,
				F4E5CC9A2B041F80008305B6 /* MealCellView.swift in Sources */,
				F4E5CC982B040D6A008305B6 /* MealDetailView.swift in Sources */,
				F4E5CCA62B050D2D008305B6 /* SettingsView.swift in Sources */,
				F4E5CC452B040A7B008305B6 /* FoodTabView.swift in Sources */,
				F4E5CC332B04092D008305B6 /* FoodRecipesApp.swift in Sources */,
				F4E5CC942B040D58008305B6 /* MealsViewModel.swift in Sources */,
				F426C8D42B07A543001476F9 /* LikeEvent.swift in Sources */,
				F4E5CCA02B04FE59008305B6 /* LikeHistoryView.swift in Sources */,
				F4E5CCA22B04FE76008305B6 /* HistoryViewModel.swift in Sources */,
				F426C8DF2B07AB66001476F9 /* MealInstructionsView.swift in Sources */,
				F4E5CCA42B050D13008305B6 /* SettingsViewModel.swift in Sources */,
				F426C8E22B07AB71001476F9 /* MealIngredientsView.swift in Sources */,
				F426C8E72B07AC69001476F9 /* SearchBar.swift in Sources */,
				F426C8D92B07A575001476F9 /* Endpoints.swift in Sources */,
				F4E5CCA82B051412008305B6 /* FavoritesViewModel.swift in Sources */,
			);
			runOnlyForDeploymentPostprocessing = 0;
		};
/* End PBXSourcesBuildPhase section */

/* Begin PBXTargetDependency section */
		F426C8F12B07BEC5001476F9 /* PBXTargetDependency */ = {
			isa = PBXTargetDependency;
			target = F4E5CC2E2B04092D008305B6 /* FoodRecipes */;
			targetProxy = F426C8F02B07BEC5001476F9 /* PBXContainerItemProxy */;
		};
/* End PBXTargetDependency section */

/* Begin XCBuildConfiguration section */
		F426C8F32B07BEC5001476F9 /* Debug */ = {
			isa = XCBuildConfiguration;
			buildSettings = {
				BUNDLE_LOADER = "$(TEST_HOST)";
				CODE_SIGN_STYLE = Automatic;
				CURRENT_PROJECT_VERSION = 1;
				DEVELOPMENT_TEAM = 669H96TX32;
				GENERATE_INFOPLIST_FILE = YES;
				MARKETING_VERSION = 1.0;
				PRODUCT_BUNDLE_IDENTIFIER = winn.hsu.FoodRecipesTests;
				PRODUCT_NAME = "$(TARGET_NAME)";
				SWIFT_EMIT_LOC_STRINGS = NO;
				SWIFT_VERSION = 5.0;
				TARGETED_DEVICE_FAMILY = "1,2";
				TEST_HOST = "$(BUILT_PRODUCTS_DIR)/FoodRecipes.app/$(BUNDLE_EXECUTABLE_FOLDER_PATH)/FoodRecipes";
			};
			name = Debug;
		};
		F426C8F42B07BEC5001476F9 /* Release */ = {
			isa = XCBuildConfiguration;
			buildSettings = {
				BUNDLE_LOADER = "$(TEST_HOST)";
				CODE_SIGN_STYLE = Automatic;
				CURRENT_PROJECT_VERSION = 1;
				DEVELOPMENT_TEAM = 669H96TX32;
				GENERATE_INFOPLIST_FILE = YES;
				MARKETING_VERSION = 1.0;
				PRODUCT_BUNDLE_IDENTIFIER = winn.hsu.FoodRecipesTests;
				PRODUCT_NAME = "$(TARGET_NAME)";
				SWIFT_EMIT_LOC_STRINGS = NO;
				SWIFT_VERSION = 5.0;
				TARGETED_DEVICE_FAMILY = "1,2";
				TEST_HOST = "$(BUILT_PRODUCTS_DIR)/FoodRecipes.app/$(BUNDLE_EXECUTABLE_FOLDER_PATH)/FoodRecipes";
			};
			name = Release;
		};
		F4E5CC3B2B04092F008305B6 /* Debug */ = {
			isa = XCBuildConfiguration;
			buildSettings = {
				ALWAYS_SEARCH_USER_PATHS = NO;
				CLANG_ANALYZER_NONNULL = YES;
				CLANG_ANALYZER_NUMBER_OBJECT_CONVERSION = YES_AGGRESSIVE;
				CLANG_CXX_LANGUAGE_STANDARD = "gnu++20";
				CLANG_ENABLE_MODULES = YES;
				CLANG_ENABLE_OBJC_ARC = YES;
				CLANG_ENABLE_OBJC_WEAK = YES;
				CLANG_WARN_BLOCK_CAPTURE_AUTORELEASING = YES;
				CLANG_WARN_BOOL_CONVERSION = YES;
				CLANG_WARN_COMMA = YES;
				CLANG_WARN_CONSTANT_CONVERSION = YES;
				CLANG_WARN_DEPRECATED_OBJC_IMPLEMENTATIONS = YES;
				CLANG_WARN_DIRECT_OBJC_ISA_USAGE = YES_ERROR;
				CLANG_WARN_DOCUMENTATION_COMMENTS = YES;
				CLANG_WARN_EMPTY_BODY = YES;
				CLANG_WARN_ENUM_CONVERSION = YES;
				CLANG_WARN_INFINITE_RECURSION = YES;
				CLANG_WARN_INT_CONVERSION = YES;
				CLANG_WARN_NON_LITERAL_NULL_CONVERSION = YES;
				CLANG_WARN_OBJC_IMPLICIT_RETAIN_SELF = YES;
				CLANG_WARN_OBJC_LITERAL_CONVERSION = YES;
				CLANG_WARN_OBJC_ROOT_CLASS = YES_ERROR;
				CLANG_WARN_QUOTED_INCLUDE_IN_FRAMEWORK_HEADER = YES;
				CLANG_WARN_RANGE_LOOP_ANALYSIS = YES;
				CLANG_WARN_STRICT_PROTOTYPES = YES;
				CLANG_WARN_SUSPICIOUS_MOVE = YES;
				CLANG_WARN_UNGUARDED_AVAILABILITY = YES_AGGRESSIVE;
				CLANG_WARN_UNREACHABLE_CODE = YES;
				CLANG_WARN__DUPLICATE_METHOD_MATCH = YES;
				COPY_PHASE_STRIP = NO;
				DEBUG_INFORMATION_FORMAT = dwarf;
				ENABLE_STRICT_OBJC_MSGSEND = YES;
				ENABLE_TESTABILITY = YES;
				GCC_C_LANGUAGE_STANDARD = gnu11;
				GCC_DYNAMIC_NO_PIC = NO;
				GCC_NO_COMMON_BLOCKS = YES;
				GCC_OPTIMIZATION_LEVEL = 0;
				GCC_PREPROCESSOR_DEFINITIONS = (
					"DEBUG=1",
					"$(inherited)",
				);
				GCC_WARN_64_TO_32_BIT_CONVERSION = YES;
				GCC_WARN_ABOUT_RETURN_TYPE = YES_ERROR;
				GCC_WARN_UNDECLARED_SELECTOR = YES;
				GCC_WARN_UNINITIALIZED_AUTOS = YES_AGGRESSIVE;
				GCC_WARN_UNUSED_FUNCTION = YES;
				GCC_WARN_UNUSED_VARIABLE = YES;
				IPHONEOS_DEPLOYMENT_TARGET = 16.4;
				MTL_ENABLE_DEBUG_INFO = INCLUDE_SOURCE;
				MTL_FAST_MATH = YES;
				ONLY_ACTIVE_ARCH = YES;
				SDKROOT = iphoneos;
				SWIFT_ACTIVE_COMPILATION_CONDITIONS = DEBUG;
				SWIFT_OPTIMIZATION_LEVEL = "-Onone";
			};
			name = Debug;
		};
		F4E5CC3C2B04092F008305B6 /* Release */ = {
			isa = XCBuildConfiguration;
			buildSettings = {
				ALWAYS_SEARCH_USER_PATHS = NO;
				CLANG_ANALYZER_NONNULL = YES;
				CLANG_ANALYZER_NUMBER_OBJECT_CONVERSION = YES_AGGRESSIVE;
				CLANG_CXX_LANGUAGE_STANDARD = "gnu++20";
				CLANG_ENABLE_MODULES = YES;
				CLANG_ENABLE_OBJC_ARC = YES;
				CLANG_ENABLE_OBJC_WEAK = YES;
				CLANG_WARN_BLOCK_CAPTURE_AUTORELEASING = YES;
				CLANG_WARN_BOOL_CONVERSION = YES;
				CLANG_WARN_COMMA = YES;
				CLANG_WARN_CONSTANT_CONVERSION = YES;
				CLANG_WARN_DEPRECATED_OBJC_IMPLEMENTATIONS = YES;
				CLANG_WARN_DIRECT_OBJC_ISA_USAGE = YES_ERROR;
				CLANG_WARN_DOCUMENTATION_COMMENTS = YES;
				CLANG_WARN_EMPTY_BODY = YES;
				CLANG_WARN_ENUM_CONVERSION = YES;
				CLANG_WARN_INFINITE_RECURSION = YES;
				CLANG_WARN_INT_CONVERSION = YES;
				CLANG_WARN_NON_LITERAL_NULL_CONVERSION = YES;
				CLANG_WARN_OBJC_IMPLICIT_RETAIN_SELF = YES;
				CLANG_WARN_OBJC_LITERAL_CONVERSION = YES;
				CLANG_WARN_OBJC_ROOT_CLASS = YES_ERROR;
				CLANG_WARN_QUOTED_INCLUDE_IN_FRAMEWORK_HEADER = YES;
				CLANG_WARN_RANGE_LOOP_ANALYSIS = YES;
				CLANG_WARN_STRICT_PROTOTYPES = YES;
				CLANG_WARN_SUSPICIOUS_MOVE = YES;
				CLANG_WARN_UNGUARDED_AVAILABILITY = YES_AGGRESSIVE;
				CLANG_WARN_UNREACHABLE_CODE = YES;
				CLANG_WARN__DUPLICATE_METHOD_MATCH = YES;
				COPY_PHASE_STRIP = NO;
				DEBUG_INFORMATION_FORMAT = "dwarf-with-dsym";
				ENABLE_NS_ASSERTIONS = NO;
				ENABLE_STRICT_OBJC_MSGSEND = YES;
				GCC_C_LANGUAGE_STANDARD = gnu11;
				GCC_NO_COMMON_BLOCKS = YES;
				GCC_WARN_64_TO_32_BIT_CONVERSION = YES;
				GCC_WARN_ABOUT_RETURN_TYPE = YES_ERROR;
				GCC_WARN_UNDECLARED_SELECTOR = YES;
				GCC_WARN_UNINITIALIZED_AUTOS = YES_AGGRESSIVE;
				GCC_WARN_UNUSED_FUNCTION = YES;
				GCC_WARN_UNUSED_VARIABLE = YES;
				IPHONEOS_DEPLOYMENT_TARGET = 16.4;
				MTL_ENABLE_DEBUG_INFO = NO;
				MTL_FAST_MATH = YES;
				SDKROOT = iphoneos;
				SWIFT_COMPILATION_MODE = wholemodule;
				SWIFT_OPTIMIZATION_LEVEL = "-O";
				VALIDATE_PRODUCT = YES;
			};
			name = Release;
		};
		F4E5CC3E2B04092F008305B6 /* Debug */ = {
			isa = XCBuildConfiguration;
			buildSettings = {
				ASSETCATALOG_COMPILER_APPICON_NAME = AppIcon;
				ASSETCATALOG_COMPILER_GLOBAL_ACCENT_COLOR_NAME = AccentColor;
				CODE_SIGN_STYLE = Automatic;
				CURRENT_PROJECT_VERSION = 1;
				DEVELOPMENT_ASSET_PATHS = "\"FoodRecipes/Preview Content\"";
				DEVELOPMENT_TEAM = 669H96TX32;
				ENABLE_PREVIEWS = YES;
				GENERATE_INFOPLIST_FILE = YES;
				INFOPLIST_KEY_UIApplicationSceneManifest_Generation = YES;
				INFOPLIST_KEY_UIApplicationSupportsIndirectInputEvents = YES;
				INFOPLIST_KEY_UILaunchScreen_Generation = YES;
				INFOPLIST_KEY_UISupportedInterfaceOrientations_iPad = "UIInterfaceOrientationPortrait UIInterfaceOrientationPortraitUpsideDown UIInterfaceOrientationLandscapeLeft UIInterfaceOrientationLandscapeRight";
				INFOPLIST_KEY_UISupportedInterfaceOrientations_iPhone = "UIInterfaceOrientationPortrait UIInterfaceOrientationLandscapeLeft UIInterfaceOrientationLandscapeRight";
				LD_RUNPATH_SEARCH_PATHS = (
					"$(inherited)",
					"@executable_path/Frameworks",
				);
				MARKETING_VERSION = 1.0;
				PRODUCT_BUNDLE_IDENTIFIER = winn.hsu.FoodRecipes;
				PRODUCT_NAME = "$(TARGET_NAME)";
				SWIFT_EMIT_LOC_STRINGS = YES;
				SWIFT_VERSION = 5.0;
				TARGETED_DEVICE_FAMILY = "1,2";
			};
			name = Debug;
		};
		F4E5CC3F2B04092F008305B6 /* Release */ = {
			isa = XCBuildConfiguration;
			buildSettings = {
				ASSETCATALOG_COMPILER_APPICON_NAME = AppIcon;
				ASSETCATALOG_COMPILER_GLOBAL_ACCENT_COLOR_NAME = AccentColor;
				CODE_SIGN_STYLE = Automatic;
				CURRENT_PROJECT_VERSION = 1;
				DEVELOPMENT_ASSET_PATHS = "\"FoodRecipes/Preview Content\"";
				DEVELOPMENT_TEAM = 669H96TX32;
				ENABLE_PREVIEWS = YES;
				GENERATE_INFOPLIST_FILE = YES;
				INFOPLIST_KEY_UIApplicationSceneManifest_Generation = YES;
				INFOPLIST_KEY_UIApplicationSupportsIndirectInputEvents = YES;
				INFOPLIST_KEY_UILaunchScreen_Generation = YES;
				INFOPLIST_KEY_UISupportedInterfaceOrientations_iPad = "UIInterfaceOrientationPortrait UIInterfaceOrientationPortraitUpsideDown UIInterfaceOrientationLandscapeLeft UIInterfaceOrientationLandscapeRight";
				INFOPLIST_KEY_UISupportedInterfaceOrientations_iPhone = "UIInterfaceOrientationPortrait UIInterfaceOrientationLandscapeLeft UIInterfaceOrientationLandscapeRight";
				LD_RUNPATH_SEARCH_PATHS = (
					"$(inherited)",
					"@executable_path/Frameworks",
				);
				MARKETING_VERSION = 1.0;
				PRODUCT_BUNDLE_IDENTIFIER = winn.hsu.FoodRecipes;
				PRODUCT_NAME = "$(TARGET_NAME)";
				SWIFT_EMIT_LOC_STRINGS = YES;
				SWIFT_VERSION = 5.0;
				TARGETED_DEVICE_FAMILY = "1,2";
			};
			name = Release;
		};
/* End XCBuildConfiguration section */

/* Begin XCConfigurationList section */
		F426C8F22B07BEC5001476F9 /* Build configuration list for PBXNativeTarget "FoodRecipesTests" */ = {
			isa = XCConfigurationList;
			buildConfigurations = (
				F426C8F32B07BEC5001476F9 /* Debug */,
				F426C8F42B07BEC5001476F9 /* Release */,
			);
			defaultConfigurationIsVisible = 0;
			defaultConfigurationName = Release;
		};
		F4E5CC2A2B04092D008305B6 /* Build configuration list for PBXProject "FoodRecipes" */ = {
			isa = XCConfigurationList;
			buildConfigurations = (
				F4E5CC3B2B04092F008305B6 /* Debug */,
				F4E5CC3C2B04092F008305B6 /* Release */,
			);
			defaultConfigurationIsVisible = 0;
			defaultConfigurationName = Release;
		};
		F4E5CC3D2B04092F008305B6 /* Build configuration list for PBXNativeTarget "FoodRecipes" */ = {
			isa = XCConfigurationList;
			buildConfigurations = (
				F4E5CC3E2B04092F008305B6 /* Debug */,
				F4E5CC3F2B04092F008305B6 /* Release */,
			);
			defaultConfigurationIsVisible = 0;
			defaultConfigurationName = Release;
		};
/* End XCConfigurationList section */
	};
	rootObject = F4E5CC272B04092D008305B6 /* Project object */;
}
